
Microsoft Visual Studio Solution File, Format Version 12.00
# Visual Studio Version 16
VisualStudioVersion = 16.0.29324.140
MinimumVisualStudioVersion = 10.0.40219.1
Project("{8BC9CEB8-8B4A-11D0-8D11-00A0C91BC942}") = "18120296", "18120296\18120296.vcxproj", "{4C57E996-61E8-4C92-B248-867C8BA8205A}"
EndProject
Global
	GlobalSection(SolutionConfigurationPlatforms) = preSolution
		Debug|x64 = Debug|x64
		Debug|x86 = Debug|x86
		Release|x64 = Release|x64
		Release|x86 = Release|x86
	EndGlobalSection
	GlobalSection(ProjectConfigurationPlatforms) = postSolution
		{4C57E996-61E8-4C92-B248-867C8BA8205A}.Debug|x64.ActiveCfg = Debug|x64
		{4C57E996-61E8-4C92-B248-867C8BA8205A}.Debug|x64.Build.0 = Debug|x64
		{4C57E996-61E8-4C92-B248-867C8BA8205A}.Debug|x86.ActiveCfg = Debug|Win32
		{4C57E996-61E8-4C92-B248-867C8BA8205A}.Debug|x86.Build.0 = Debug|Win32
		{4C57E996-61E8-4C92-B248-867C8BA8205A}.Release|x64.ActiveCfg = Release|x64
		{4C57E996-61E8-4C92-B248-867C8BA8205A}.Release|x64.Build.0 = Release|x64
		{4C57E996-61E8-4C92-B248-867C8BA8205A}.Release|x86.ActiveCfg = Release|Win32
		{4C57E996-61E8-4C92-B248-867C8BA8205A}.Release|x86.Build.0 = Release|Win32
	EndGlobalSection
	GlobalSection(SolutionProperties) = preSolution
		HideSolutionNode = FALSE
	EndGlobalSection
	GlobalSection(ExtensibilityGlobals) = postSolution
		SolutionGuid = {B5006C7F-7FFC-484C-815E-FB61F5239F61}
	EndGlobalSection
EndGlobal
